
Microsoft Visual Studio Solution File, Format Version 12.00
# Visual Studio Version 17
VisualStudioVersion = 17.8.34316.72
MinimumVisualStudioVersion = 10.0.40219.1
Project("{9A19103F-16F7-4668-BE54-9A1E7A4F7556}") = "Setul2Ex01", "Setul2Ex01\Setul2Ex01.csproj", "{340FF85B-53F5-403E-8077-49B0B91609B8}"
EndProject
Project("{9A19103F-16F7-4668-BE54-9A1E7A4F7556}") = "Setul2Ex02", "Setul2Ex02\Setul2Ex02.csproj", "{F4F86A09-BBF3-46C3-9A1F-34068093B4FE}"
EndProject
Project("{9A19103F-16F7-4668-BE54-9A1E7A4F7556}") = "Setul2Ex03", "Setul2Ex03\Setul2Ex03.csproj", "{F1998CA0-53A4-489A-9C25-F368750F0BB3}"
EndProject
Project("{9A19103F-16F7-4668-BE54-9A1E7A4F7556}") = "Setul2Ex04", "Setul2Ex04\Setul2Ex04.csproj", "{350E5012-3D30-43C1-AB90-4D16C0CCFEC3}"
EndProject
Project("{9A19103F-16F7-4668-BE54-9A1E7A4F7556}") = "Setul2Ex05", "Setul2Ex05\Setul2Ex05.csproj", "{0E111B7E-DFD7-4653-BDF0-9B4B00A59A54}"
EndProject
Project("{9A19103F-16F7-4668-BE54-9A1E7A4F7556}") = "Setul2Ex06", "Setul2Ex06\Setul2Ex06.csproj", "{D6940104-24E2-4BFA-998B-525FE001A85B}"
EndProject
Project("{9A19103F-16F7-4668-BE54-9A1E7A4F7556}") = "Setul2Ex07", "Setul2Ex07\Setul2Ex07.csproj", "{8327F1E7-0C38-405A-A6D9-A3F2942EDE76}"
EndProject
Project("{9A19103F-16F7-4668-BE54-9A1E7A4F7556}") = "Setul2Ex08", "Setul2Ex08\Setul2Ex08.csproj", "{94758871-21C0-420E-B3B5-6CAD84DF0ED6}"
EndProject
Project("{9A19103F-16F7-4668-BE54-9A1E7A4F7556}") = "Setul2Ex09", "Setul2Ex09\Setul2Ex09.csproj", "{A4193355-20B9-4AF6-8406-74986526D766}"
EndProject
Project("{9A19103F-16F7-4668-BE54-9A1E7A4F7556}") = "Setul2Ex10", "Setul2Ex10\Setul2Ex10.csproj", "{0EEA4666-1E29-4D36-9132-174FCE9EFF3C}"
EndProject
Project("{9A19103F-16F7-4668-BE54-9A1E7A4F7556}") = "Setul2Ex11", "Setul2Ex11\Setul2Ex11.csproj", "{D8CE6FB0-299B-443E-989B-ABF6EBD62504}"
EndProject
Project("{9A19103F-16F7-4668-BE54-9A1E7A4F7556}") = "Setul2Ex12", "Setul2Ex12\Setul2Ex12.csproj", "{C98FED21-404C-4D22-B7AF-C57A94564486}"
EndProject
Project("{9A19103F-16F7-4668-BE54-9A1E7A4F7556}") = "Setul2Ex13", "Setul2Ex13\Setul2Ex13.csproj", "{0C1A354D-0B9F-483B-9036-FB43E746FA7E}"
EndProject
Project("{FAE04EC0-301F-11D3-BF4B-00C04F79EFBC}") = "Setul2Ex14", "Setul2Ex14\Setul2Ex14.csproj", "{EECFDEFE-FBBE-4095-B56F-958D02A77003}"
EndProject
Project("{FAE04EC0-301F-11D3-BF4B-00C04F79EFBC}") = "Setul2Ex15", "Setul2Ex15\Setul2Ex15.csproj", "{3A6DC940-F0F4-4343-BA7E-B3EB637B585C}"
EndProject
Project("{FAE04EC0-301F-11D3-BF4B-00C04F79EFBC}") = "Setul2Ex16", "Setul2Ex16\Setul2Ex16.csproj", "{3BB9701B-D55F-442A-A470-C18773FC500E}"
EndProject
Project("{FAE04EC0-301F-11D3-BF4B-00C04F79EFBC}") = "Setul2Ex17", "Setul2Ex17\Setul2Ex17.csproj", "{B7B1C048-DBF7-4748-9B21-357E3766F4E1}"
EndProject
Global
	GlobalSection(SolutionConfigurationPlatforms) = preSolution
		Debug|Any CPU = Debug|Any CPU
		Release|Any CPU = Release|Any CPU
	EndGlobalSection
	GlobalSection(ProjectConfigurationPlatforms) = postSolution
		{340FF85B-53F5-403E-8077-49B0B91609B8}.Debug|Any CPU.ActiveCfg = Debug|Any CPU
		{340FF85B-53F5-403E-8077-49B0B91609B8}.Debug|Any CPU.Build.0 = Debug|Any CPU
		{340FF85B-53F5-403E-8077-49B0B91609B8}.Release|Any CPU.ActiveCfg = Release|Any CPU
		{340FF85B-53F5-403E-8077-49B0B91609B8}.Release|Any CPU.Build.0 = Release|Any CPU
		{F4F86A09-BBF3-46C3-9A1F-34068093B4FE}.Debug|Any CPU.ActiveCfg = Debug|Any CPU
		{F4F86A09-BBF3-46C3-9A1F-34068093B4FE}.Debug|Any CPU.Build.0 = Debug|Any CPU
		{F4F86A09-BBF3-46C3-9A1F-34068093B4FE}.Release|Any CPU.ActiveCfg = Release|Any CPU
		{F4F86A09-BBF3-46C3-9A1F-34068093B4FE}.Release|Any CPU.Build.0 = Release|Any CPU
		{F1998CA0-53A4-489A-9C25-F368750F0BB3}.Debug|Any CPU.ActiveCfg = Debug|Any CPU
		{F1998CA0-53A4-489A-9C25-F368750F0BB3}.Debug|Any CPU.Build.0 = Debug|Any CPU
		{F1998CA0-53A4-489A-9C25-F368750F0BB3}.Release|Any CPU.ActiveCfg = Release|Any CPU
		{F1998CA0-53A4-489A-9C25-F368750F0BB3}.Release|Any CPU.Build.0 = Release|Any CPU
		{350E5012-3D30-43C1-AB90-4D16C0CCFEC3}.Debug|Any CPU.ActiveCfg = Debug|Any CPU
		{350E5012-3D30-43C1-AB90-4D16C0CCFEC3}.Debug|Any CPU.Build.0 = Debug|Any CPU
		{350E5012-3D30-43C1-AB90-4D16C0CCFEC3}.Release|Any CPU.ActiveCfg = Release|Any CPU
		{350E5012-3D30-43C1-AB90-4D16C0CCFEC3}.Release|Any CPU.Build.0 = Release|Any CPU
		{0E111B7E-DFD7-4653-BDF0-9B4B00A59A54}.Debug|Any CPU.ActiveCfg = Debug|Any CPU
		{0E111B7E-DFD7-4653-BDF0-9B4B00A59A54}.Debug|Any CPU.Build.0 = Debug|Any CPU
		{0E111B7E-DFD7-4653-BDF0-9B4B00A59A54}.Release|Any CPU.ActiveCfg = Release|Any CPU
		{0E111B7E-DFD7-4653-BDF0-9B4B00A59A54}.Release|Any CPU.Build.0 = Release|Any CPU
		{D6940104-24E2-4BFA-998B-525FE001A85B}.Debug|Any CPU.ActiveCfg = Debug|Any CPU
		{D6940104-24E2-4BFA-998B-525FE001A85B}.Debug|Any CPU.Build.0 = Debug|Any CPU
		{D6940104-24E2-4BFA-998B-525FE001A85B}.Release|Any CPU.ActiveCfg = Release|Any CPU
		{D6940104-24E2-4BFA-998B-525FE001A85B}.Release|Any CPU.Build.0 = Release|Any CPU
		{8327F1E7-0C38-405A-A6D9-A3F2942EDE76}.Debug|Any CPU.ActiveCfg = Debug|Any CPU
		{8327F1E7-0C38-405A-A6D9-A3F2942EDE76}.Debug|Any CPU.Build.0 = Debug|Any CPU
		{8327F1E7-0C38-405A-A6D9-A3F2942EDE76}.Release|Any CPU.ActiveCfg = Release|Any CPU
		{8327F1E7-0C38-405A-A6D9-A3F2942EDE76}.Release|Any CPU.Build.0 = Release|Any CPU
		{94758871-21C0-420E-B3B5-6CAD84DF0ED6}.Debug|Any CPU.ActiveCfg = Debug|Any CPU
		{94758871-21C0-420E-B3B5-6CAD84DF0ED6}.Debug|Any CPU.Build.0 = Debug|Any CPU
		{94758871-21C0-420E-B3B5-6CAD84DF0ED6}.Release|Any CPU.ActiveCfg = Release|Any CPU
		{94758871-21C0-420E-B3B5-6CAD84DF0ED6}.Release|Any CPU.Build.0 = Release|Any CPU
		{A4193355-20B9-4AF6-8406-74986526D766}.Debug|Any CPU.ActiveCfg = Debug|Any CPU
		{A4193355-20B9-4AF6-8406-74986526D766}.Debug|Any CPU.Build.0 = Debug|Any CPU
		{A4193355-20B9-4AF6-8406-74986526D766}.Release|Any CPU.ActiveCfg = Release|Any CPU
		{A4193355-20B9-4AF6-8406-74986526D766}.Release|Any CPU.Build.0 = Release|Any CPU
		{0EEA4666-1E29-4D36-9132-174FCE9EFF3C}.Debug|Any CPU.ActiveCfg = Debug|Any CPU
		{0EEA4666-1E29-4D36-9132-174FCE9EFF3C}.Debug|Any CPU.Build.0 = Debug|Any CPU
		{0EEA4666-1E29-4D36-9132-174FCE9EFF3C}.Release|Any CPU.ActiveCfg = Release|Any CPU
		{0EEA4666-1E29-4D36-9132-174FCE9EFF3C}.Release|Any CPU.Build.0 = Release|Any CPU
		{D8CE6FB0-299B-443E-989B-ABF6EBD62504}.Debug|Any CPU.ActiveCfg = Debug|Any CPU
		{D8CE6FB0-299B-443E-989B-ABF6EBD62504}.Debug|Any CPU.Build.0 = Debug|Any CPU
		{D8CE6FB0-299B-443E-989B-ABF6EBD62504}.Release|Any CPU.ActiveCfg = Release|Any CPU
		{D8CE6FB0-299B-443E-989B-ABF6EBD62504}.Release|Any CPU.Build.0 = Release|Any CPU
		{C98FED21-404C-4D22-B7AF-C57A94564486}.Debug|Any CPU.ActiveCfg = Debug|Any CPU
		{C98FED21-404C-4D22-B7AF-C57A94564486}.Debug|Any CPU.Build.0 = Debug|Any CPU
		{C98FED21-404C-4D22-B7AF-C57A94564486}.Release|Any CPU.ActiveCfg = Release|Any CPU
		{C98FED21-404C-4D22-B7AF-C57A94564486}.Release|Any CPU.Build.0 = Release|Any CPU
		{0C1A354D-0B9F-483B-9036-FB43E746FA7E}.Debug|Any CPU.ActiveCfg = Debug|Any CPU
		{0C1A354D-0B9F-483B-9036-FB43E746FA7E}.Debug|Any CPU.Build.0 = Debug|Any CPU
		{0C1A354D-0B9F-483B-9036-FB43E746FA7E}.Release|Any CPU.ActiveCfg = Release|Any CPU
		{0C1A354D-0B9F-483B-9036-FB43E746FA7E}.Release|Any CPU.Build.0 = Release|Any CPU
		{EECFDEFE-FBBE-4095-B56F-958D02A77003}.Debug|Any CPU.ActiveCfg = Debug|Any CPU
		{EECFDEFE-FBBE-4095-B56F-958D02A77003}.Debug|Any CPU.Build.0 = Debug|Any CPU
		{EECFDEFE-FBBE-4095-B56F-958D02A77003}.Release|Any CPU.ActiveCfg = Release|Any CPU
		{EECFDEFE-FBBE-4095-B56F-958D02A77003}.Release|Any CPU.Build.0 = Release|Any CPU
		{3A6DC940-F0F4-4343-BA7E-B3EB637B585C}.Debug|Any CPU.ActiveCfg = Debug|Any CPU
		{3A6DC940-F0F4-4343-BA7E-B3EB637B585C}.Debug|Any CPU.Build.0 = Debug|Any CPU
		{3A6DC940-F0F4-4343-BA7E-B3EB637B585C}.Release|Any CPU.ActiveCfg = Release|Any CPU
		{3A6DC940-F0F4-4343-BA7E-B3EB637B585C}.Release|Any CPU.Build.0 = Release|Any CPU
		{3BB9701B-D55F-442A-A470-C18773FC500E}.Debug|Any CPU.ActiveCfg = Debug|Any CPU
		{3BB9701B-D55F-442A-A470-C18773FC500E}.Debug|Any CPU.Build.0 = Debug|Any CPU
		{3BB9701B-D55F-442A-A470-C18773FC500E}.Release|Any CPU.ActiveCfg = Release|Any CPU
		{3BB9701B-D55F-442A-A470-C18773FC500E}.Release|Any CPU.Build.0 = Release|Any CPU
		{B7B1C048-DBF7-4748-9B21-357E3766F4E1}.Debug|Any CPU.ActiveCfg = Debug|Any CPU
		{B7B1C048-DBF7-4748-9B21-357E3766F4E1}.Debug|Any CPU.Build.0 = Debug|Any CPU
		{B7B1C048-DBF7-4748-9B21-357E3766F4E1}.Release|Any CPU.ActiveCfg = Release|Any CPU
		{B7B1C048-DBF7-4748-9B21-357E3766F4E1}.Release|Any CPU.Build.0 = Release|Any CPU
	EndGlobalSection
	GlobalSection(SolutionProperties) = preSolution
		HideSolutionNode = FALSE
	EndGlobalSection
	GlobalSection(ExtensibilityGlobals) = postSolution
		SolutionGuid = {8716CAE0-B207-4D38-885A-95F1AA489F49}
	EndGlobalSection
EndGlobal
